{
  "version": 4,
  "terraform_version": "1.1.7",
  "serial": 255,
  "lineage": "780e2a91-e400-be9c-d0b3-00ef57903b21",
  "outputs": {
    "db_connection_string": {
      "value": "host=sela-week5-postgresql-server.postgres.database.azure.com port=5432 dbname=postgres user=postgres password=p@ssw0rd48 sslmode=require",
      "type": "string"
    },
    "postgres-password": {
      "value": "p@ssw0rd48",
      "type": "string"
    },
    "psotgres-administrator-login": {
      "value": "postgres",
      "type": "string"
    }
  },
  "resources": [
    {
      "mode": "managed",
      "type": "azurerm_bastion_host",
      "name": "bastion",
      "provider": "provider[\"registry.terraform.io/hashicorp/azurerm\"]",
      "instances": [
        {
          "schema_version": 0,
          "attributes": {
            "copy_paste_enabled": true,
            "dns_name": "bst-852b8741-93df-4583-9ea8-f862db67b749.bastion.azure.com",
            "file_copy_enabled": false,
            "id": "/subscriptions/e8657681-5f64-4bab-81cf-237a597fcd11/resourceGroups/sela-week5-rg/providers/Microsoft.Network/bastionHosts/sela-week5-bastion",
            "ip_configuration": [
              {
                "name": "configuration",
                "public_ip_address_id": "/subscriptions/e8657681-5f64-4bab-81cf-237a597fcd11/resourceGroups/sela-week5-rg/providers/Microsoft.Network/publicIPAddresses/sela-week5-bastion-ip",
                "subnet_id": "/subscriptions/e8657681-5f64-4bab-81cf-237a597fcd11/resourceGroups/sela-week5-rg/providers/Microsoft.Network/virtualNetworks/sela-week5-vnet/subnets/AzureBastionSubnet"
              }
            ],
            "ip_connect_enabled": false,
            "location": "westeurope",
            "name": "sela-week5-bastion",
            "resource_group_name": "sela-week5-rg",
            "scale_units": 2,
            "shareable_link_enabled": false,
            "sku": "Basic",
            "tags": null,
            "timeouts": null,
            "tunneling_enabled": false
          },
          "sensitive_attributes": [],
          "private": "eyJlMmJmYjczMC1lY2FhLTExZTYtOGY4OC0zNDM2M2JjN2M0YzAiOnsiY3JlYXRlIjoxODAwMDAwMDAwMDAwLCJkZWxldGUiOjE4MDAwMDAwMDAwMDAsInJlYWQiOjMwMDAwMDAwMDAwMCwidXBkYXRlIjoxODAwMDAwMDAwMDAwfX0=",
          "dependencies": [
            "azurerm_public_ip.bastion-ip",
            "azurerm_resource_group.rg",
            "azurerm_subnet.bastion-subnet",
            "module.vms.azurerm_virtual_network.vnet"
          ]
        }
      ]
    },
    {
      "mode": "managed",
      "type": "azurerm_network_security_group",
      "name": "DataTierNSG",
      "provider": "provider[\"registry.terraform.io/hashicorp/azurerm\"]",
      "instances": [
        {
          "schema_version": 0,
          "attributes": {
            "id": "/subscriptions/e8657681-5f64-4bab-81cf-237a597fcd11/resourceGroups/sela-week5-rg/providers/Microsoft.Network/networkSecurityGroups/sela-week5-DataTierNSG",
            "location": "westeurope",
            "name": "sela-week5-DataTierNSG",
            "resource_group_name": "sela-week5-rg",
            "security_rule": [
              {
                "access": "Allow",
                "description": "",
                "destination_address_prefix": "*",
                "destination_address_prefixes": [],
                "destination_application_security_group_ids": [],
                "destination_port_range": "5432",
                "destination_port_ranges": [],
                "direction": "Inbound",
                "name": "Port_5432",
                "priority": 110,
                "protocol": "Tcp",
                "source_address_prefix": "10.0.0.4",
                "source_address_prefixes": [],
                "source_application_security_group_ids": [],
                "source_port_range": "*",
                "source_port_ranges": []
              }
            ],
            "tags": null,
            "timeouts": null
          },
          "sensitive_attributes": [],
          "private": "eyJlMmJmYjczMC1lY2FhLTExZTYtOGY4OC0zNDM2M2JjN2M0YzAiOnsiY3JlYXRlIjoxODAwMDAwMDAwMDAwLCJkZWxldGUiOjE4MDAwMDAwMDAwMDAsInJlYWQiOjMwMDAwMDAwMDAwMCwidXBkYXRlIjoxODAwMDAwMDAwMDAwfX0=",
          "dependencies": [
            "azurerm_resource_group.rg"
          ]
        }
      ]
    },
    {
      "mode": "managed",
      "type": "azurerm_network_security_group",
      "name": "WebTierNSG",
      "provider": "provider[\"registry.terraform.io/hashicorp/azurerm\"]",
      "instances": [
        {
          "schema_version": 0,
          "attributes": {
            "id": "/subscriptions/e8657681-5f64-4bab-81cf-237a597fcd11/resourceGroups/sela-week5-rg/providers/Microsoft.Network/networkSecurityGroups/sela-week5-WebTierNSG",
            "location": "westeurope",
            "name": "sela-week5-WebTierNSG",
            "resource_group_name": "sela-week5-rg",
            "security_rule": [
              {
                "access": "Allow",
                "description": "",
                "destination_address_prefix": "*",
                "destination_address_prefixes": [],
                "destination_application_security_group_ids": [],
                "destination_port_range": "8080",
                "destination_port_ranges": [],
                "direction": "Inbound",
                "name": "Port_8080",
                "priority": 100,
                "protocol": "Tcp",
                "source_address_prefix": "*",
                "source_address_prefixes": [],
                "source_application_security_group_ids": [],
                "source_port_range": "*",
                "source_port_ranges": []
              }
            ],
            "tags": null,
            "timeouts": null
          },
          "sensitive_attributes": [],
          "private": "eyJlMmJmYjczMC1lY2FhLTExZTYtOGY4OC0zNDM2M2JjN2M0YzAiOnsiY3JlYXRlIjoxODAwMDAwMDAwMDAwLCJkZWxldGUiOjE4MDAwMDAwMDAwMDAsInJlYWQiOjMwMDAwMDAwMDAwMCwidXBkYXRlIjoxODAwMDAwMDAwMDAwfX0=",
          "dependencies": [
            "azurerm_resource_group.rg"
          ]
        }
      ]
    },
    {
      "mode": "managed",
      "type": "azurerm_postgresql_flexible_server",
      "name": "postgresqlserver",
      "provider": "provider[\"registry.terraform.io/hashicorp/azurerm\"]",
      "instances": [
        {
          "schema_version": 0,
          "attributes": {
            "administrator_login": "postgres",
            "administrator_password": "p@ssw0rd48",
            "backup_retention_days": 7,
            "cmk_enabled": "",
            "create_mode": null,
            "delegated_subnet_id": "/subscriptions/e8657681-5f64-4bab-81cf-237a597fcd11/resourceGroups/sela-week5-rg/providers/Microsoft.Network/virtualNetworks/sela-week5-vnet/subnets/sela-week5-private-subnet",
            "fqdn": "sela-week5-postgresql-server.postgres.database.azure.com",
            "geo_redundant_backup_enabled": false,
            "high_availability": [],
            "id": "/subscriptions/e8657681-5f64-4bab-81cf-237a597fcd11/resourceGroups/sela-week5-rg/providers/Microsoft.DBforPostgreSQL/flexibleServers/sela-week5-postgresql-server",
            "location": "westeurope",
            "maintenance_window": [],
            "name": "sela-week5-postgresql-server",
            "point_in_time_restore_time_in_utc": null,
            "private_dns_zone_id": "/subscriptions/e8657681-5f64-4bab-81cf-237a597fcd11/resourceGroups/sela-week5-rg/providers/Microsoft.Network/privateDnsZones/week5.postgres.database.azure.com",
            "public_network_access_enabled": false,
            "resource_group_name": "sela-week5-rg",
            "sku_name": "B_Standard_B1ms",
            "source_server_id": null,
            "storage_mb": 32768,
            "tags": null,
            "timeouts": null,
            "version": "12",
            "zone": "1"
          },
          "sensitive_attributes": [],
          "private": "eyJlMmJmYjczMC1lY2FhLTExZTYtOGY4OC0zNDM2M2JjN2M0YzAiOnsiY3JlYXRlIjozNjAwMDAwMDAwMDAwLCJkZWxldGUiOjM2MDAwMDAwMDAwMDAsInJlYWQiOjMwMDAwMDAwMDAwMCwidXBkYXRlIjozNjAwMDAwMDAwMDAwfX0=",
          "dependencies": [
            "azurerm_private_dns_zone.dns-zone",
            "azurerm_private_dns_zone_virtual_network_link.virtual-network-link",
            "azurerm_resource_group.rg",
            "module.vms.azurerm_subnet.private-subnet",
            "module.vms.azurerm_virtual_network.vnet"
          ]
        }
      ]
    },
    {
      "mode": "managed",
      "type": "azurerm_postgresql_flexible_server_configuration",
      "name": "db-config-no-ssl",
      "provider": "provider[\"registry.terraform.io/hashicorp/azurerm\"]",
      "instances": [
        {
          "schema_version": 0,
          "attributes": {
            "id": "/subscriptions/e8657681-5f64-4bab-81cf-237a597fcd11/resourceGroups/sela-week5-rg/providers/Microsoft.DBforPostgreSQL/flexibleServers/sela-week5-postgresql-server/configurations/require_secure_transport",
            "name": "require_secure_transport",
            "server_id": "/subscriptions/e8657681-5f64-4bab-81cf-237a597fcd11/resourceGroups/sela-week5-rg/providers/Microsoft.DBforPostgreSQL/flexibleServers/sela-week5-postgresql-server",
            "timeouts": null,
            "value": "off"
          },
          "sensitive_attributes": [],
          "private": "eyJlMmJmYjczMC1lY2FhLTExZTYtOGY4OC0zNDM2M2JjN2M0YzAiOnsiY3JlYXRlIjoxODAwMDAwMDAwMDAwLCJkZWxldGUiOjE4MDAwMDAwMDAwMDAsInJlYWQiOjMwMDAwMDAwMDAwMCwidXBkYXRlIjoxODAwMDAwMDAwMDAwfX0=",
          "dependencies": [
            "azurerm_postgresql_flexible_server.postgresqlserver",
            "azurerm_private_dns_zone.dns-zone",
            "azurerm_private_dns_zone_virtual_network_link.virtual-network-link",
            "azurerm_resource_group.rg",
            "module.vms.azurerm_subnet.private-subnet",
            "module.vms.azurerm_virtual_network.vnet"
          ]
        }
      ]
    },
    {
      "mode": "managed",
      "type": "azurerm_private_dns_zone",
      "name": "dns-zone",
      "provider": "provider[\"registry.terraform.io/hashicorp/azurerm\"]",
      "instances": [
        {
          "schema_version": 0,
          "attributes": {
            "id": "/subscriptions/e8657681-5f64-4bab-81cf-237a597fcd11/resourceGroups/sela-week5-rg/providers/Microsoft.Network/privateDnsZones/week5.postgres.database.azure.com",
            "max_number_of_record_sets": 25000,
            "max_number_of_virtual_network_links": 1000,
            "max_number_of_virtual_network_links_with_registration": 100,
            "name": "week5.postgres.database.azure.com",
            "number_of_record_sets": 1,
            "resource_group_name": "sela-week5-rg",
            "soa_record": [
              {
                "email": "azureprivatedns-host.microsoft.com",
                "expire_time": 2419200,
                "fqdn": "week5.postgres.database.azure.com.",
                "host_name": "azureprivatedns.net",
                "minimum_ttl": 10,
                "refresh_time": 3600,
                "retry_time": 300,
                "serial_number": 1,
                "tags": {},
                "ttl": 3600
              }
            ],
            "tags": null,
            "timeouts": null
          },
          "sensitive_attributes": [],
          "private": "eyJlMmJmYjczMC1lY2FhLTExZTYtOGY4OC0zNDM2M2JjN2M0YzAiOnsiY3JlYXRlIjoxODAwMDAwMDAwMDAwLCJkZWxldGUiOjE4MDAwMDAwMDAwMDAsInJlYWQiOjMwMDAwMDAwMDAwMCwidXBkYXRlIjoxODAwMDAwMDAwMDAwfX0=",
          "dependencies": [
            "azurerm_resource_group.rg"
          ]
        }
      ]
    },
    {
      "mode": "managed",
      "type": "azurerm_private_dns_zone_virtual_network_link",
      "name": "virtual-network-link",
      "provider": "provider[\"registry.terraform.io/hashicorp/azurerm\"]",
      "instances": [
        {
          "schema_version": 0,
          "attributes": {
            "id": "/subscriptions/e8657681-5f64-4bab-81cf-237a597fcd11/resourceGroups/sela-week5-rg/providers/Microsoft.Network/privateDnsZones/week5.postgres.database.azure.com/virtualNetworkLinks/week5VnetZone.com",
            "name": "week5VnetZone.com",
            "private_dns_zone_name": "week5.postgres.database.azure.com",
            "registration_enabled": false,
            "resource_group_name": "sela-week5-rg",
            "tags": null,
            "timeouts": null,
            "virtual_network_id": "/subscriptions/e8657681-5f64-4bab-81cf-237a597fcd11/resourceGroups/sela-week5-rg/providers/Microsoft.Network/virtualNetworks/sela-week5-vnet"
          },
          "sensitive_attributes": [],
          "private": "eyJlMmJmYjczMC1lY2FhLTExZTYtOGY4OC0zNDM2M2JjN2M0YzAiOnsiY3JlYXRlIjoxODAwMDAwMDAwMDAwLCJkZWxldGUiOjE4MDAwMDAwMDAwMDAsInJlYWQiOjMwMDAwMDAwMDAwMCwidXBkYXRlIjoxODAwMDAwMDAwMDAwfX0=",
          "dependencies": [
            "azurerm_private_dns_zone.dns-zone",
            "azurerm_resource_group.rg",
            "module.vms.azurerm_virtual_network.vnet"
          ]
        }
      ]
    },
    {
      "mode": "managed",
      "type": "azurerm_public_ip",
      "name": "bastion-ip",
      "provider": "provider[\"registry.terraform.io/hashicorp/azurerm\"]",
      "instances": [
        {
          "schema_version": 0,
          "attributes": {
            "allocation_method": "Static",
            "availability_zone": "Zone-Redundant",
            "domain_name_label": null,
            "fqdn": null,
            "id": "/subscriptions/e8657681-5f64-4bab-81cf-237a597fcd11/resourceGroups/sela-week5-rg/providers/Microsoft.Network/publicIPAddresses/sela-week5-bastion-ip",
            "idle_timeout_in_minutes": 4,
            "ip_address": "20.103.212.23",
            "ip_tags": null,
            "ip_version": "IPv4",
            "location": "westeurope",
            "name": "sela-week5-bastion-ip",
            "public_ip_prefix_id": null,
            "resource_group_name": "sela-week5-rg",
            "reverse_fqdn": null,
            "sku": "Standard",
            "sku_tier": "Regional",
            "tags": null,
            "timeouts": null,
            "zones": []
          },
          "sensitive_attributes": [],
          "private": "eyJlMmJmYjczMC1lY2FhLTExZTYtOGY4OC0zNDM2M2JjN2M0YzAiOnsiY3JlYXRlIjoxODAwMDAwMDAwMDAwLCJkZWxldGUiOjE4MDAwMDAwMDAwMDAsInJlYWQiOjMwMDAwMDAwMDAwMCwidXBkYXRlIjoxODAwMDAwMDAwMDAwfX0=",
          "dependencies": [
            "azurerm_resource_group.rg"
          ]
        }
      ]
    },
    {
      "mode": "managed",
      "type": "azurerm_resource_group",
      "name": "rg",
      "provider": "provider[\"registry.terraform.io/hashicorp/azurerm\"]",
      "instances": [
        {
          "schema_version": 0,
          "attributes": {
            "id": "/subscriptions/e8657681-5f64-4bab-81cf-237a597fcd11/resourceGroups/sela-week5-rg",
            "location": "westeurope",
            "name": "sela-week5-rg",
            "tags": {
              "Environment": "sela-week5-"
            },
            "timeouts": null
          },
          "sensitive_attributes": [],
          "private": "eyJlMmJmYjczMC1lY2FhLTExZTYtOGY4OC0zNDM2M2JjN2M0YzAiOnsiY3JlYXRlIjo1NDAwMDAwMDAwMDAwLCJkZWxldGUiOjU0MDAwMDAwMDAwMDAsInJlYWQiOjMwMDAwMDAwMDAwMCwidXBkYXRlIjo1NDAwMDAwMDAwMDAwfX0="
        }
      ]
    },
    {
      "mode": "managed",
      "type": "azurerm_subnet",
      "name": "bastion-subnet",
      "provider": "provider[\"registry.terraform.io/hashicorp/azurerm\"]",
      "instances": [
        {
          "schema_version": 0,
          "attributes": {
            "address_prefix": "10.0.2.0/24",
            "address_prefixes": [
              "10.0.2.0/24"
            ],
            "delegation": [],
            "enforce_private_link_endpoint_network_policies": false,
            "enforce_private_link_service_network_policies": false,
            "id": "/subscriptions/e8657681-5f64-4bab-81cf-237a597fcd11/resourceGroups/sela-week5-rg/providers/Microsoft.Network/virtualNetworks/sela-week5-vnet/subnets/AzureBastionSubnet",
            "name": "AzureBastionSubnet",
            "resource_group_name": "sela-week5-rg",
            "service_endpoint_policy_ids": null,
            "service_endpoints": null,
            "timeouts": null,
            "virtual_network_name": "sela-week5-vnet"
          },
          "sensitive_attributes": [],
          "private": "eyJlMmJmYjczMC1lY2FhLTExZTYtOGY4OC0zNDM2M2JjN2M0YzAiOnsiY3JlYXRlIjoxODAwMDAwMDAwMDAwLCJkZWxldGUiOjE4MDAwMDAwMDAwMDAsInJlYWQiOjMwMDAwMDAwMDAwMCwidXBkYXRlIjoxODAwMDAwMDAwMDAwfX0=",
          "dependencies": [
            "azurerm_resource_group.rg",
            "module.vms.azurerm_virtual_network.vnet"
          ]
        }
      ]
    },
    {
      "module": "module.vms",
      "mode": "data",
      "type": "azurerm_resource_group",
      "name": "image",
      "provider": "provider[\"registry.terraform.io/hashicorp/azurerm\"]",
      "instances": [
        {
          "schema_version": 0,
          "attributes": {
            "id": "/subscriptions/e8657681-5f64-4bab-81cf-237a597fcd11/resourceGroups/vm-templates-rg",
            "location": "westeurope",
            "name": "vm-templates-rg",
            "tags": {},
            "timeouts": null
          },
          "sensitive_attributes": []
        }
      ]
    },
    {
      "module": "module.vms",
      "mode": "managed",
      "type": "azurerm_availability_set",
      "name": "aset",
      "provider": "provider[\"registry.terraform.io/hashicorp/azurerm\"]",
      "instances": [
        {
          "schema_version": 0,
          "attributes": {
            "id": "/subscriptions/e8657681-5f64-4bab-81cf-237a597fcd11/resourceGroups/sela-week5-rg/providers/Microsoft.Compute/availabilitySets/sela-week5-aset",
            "location": "westeurope",
            "managed": true,
            "name": "sela-week5-aset",
            "platform_fault_domain_count": 3,
            "platform_update_domain_count": 5,
            "proximity_placement_group_id": null,
            "resource_group_name": "sela-week5-rg",
            "tags": null,
            "timeouts": null
          },
          "sensitive_attributes": [],
          "private": "eyJlMmJmYjczMC1lY2FhLTExZTYtOGY4OC0zNDM2M2JjN2M0YzAiOnsiY3JlYXRlIjoxODAwMDAwMDAwMDAwLCJkZWxldGUiOjE4MDAwMDAwMDAwMDAsInJlYWQiOjMwMDAwMDAwMDAwMCwidXBkYXRlIjoxODAwMDAwMDAwMDAwfX0=",
          "dependencies": [
            "azurerm_resource_group.rg"
          ]
        }
      ]
    },
    {
      "module": "module.vms",
      "mode": "managed",
      "type": "azurerm_lb",
      "name": "lb",
      "provider": "provider[\"registry.terraform.io/hashicorp/azurerm\"]",
      "instances": [
        {
          "schema_version": 0,
          "attributes": {
            "frontend_ip_configuration": [
              {
                "availability_zone": "No-Zone",
                "gateway_load_balancer_frontend_ip_configuration_id": "",
                "id": "/subscriptions/e8657681-5f64-4bab-81cf-237a597fcd11/resourceGroups/sela-week5-rg/providers/Microsoft.Network/loadBalancers/sela-week5-loadbalancer/frontendIPConfigurations/sela-week5-lb-frontend-ip",
                "inbound_nat_rules": [],
                "load_balancer_rules": [],
                "name": "sela-week5-lb-frontend-ip",
                "outbound_rules": [],
                "private_ip_address": "",
                "private_ip_address_allocation": "Dynamic",
                "private_ip_address_version": "",
                "public_ip_address_id": "/subscriptions/e8657681-5f64-4bab-81cf-237a597fcd11/resourceGroups/sela-week5-rg/providers/Microsoft.Network/publicIPAddresses/PublicIPForLB",
                "public_ip_prefix_id": "",
                "subnet_id": "",
                "zones": []
              }
            ],
            "id": "/subscriptions/e8657681-5f64-4bab-81cf-237a597fcd11/resourceGroups/sela-week5-rg/providers/Microsoft.Network/loadBalancers/sela-week5-loadbalancer",
            "location": "westeurope",
            "name": "sela-week5-loadbalancer",
            "private_ip_address": "",
            "private_ip_addresses": [],
            "resource_group_name": "sela-week5-rg",
            "sku": "Standard",
            "sku_tier": "Regional",
            "tags": null,
            "timeouts": null
          },
          "sensitive_attributes": [],
          "private": "eyJlMmJmYjczMC1lY2FhLTExZTYtOGY4OC0zNDM2M2JjN2M0YzAiOnsiY3JlYXRlIjoxODAwMDAwMDAwMDAwLCJkZWxldGUiOjE4MDAwMDAwMDAwMDAsInJlYWQiOjMwMDAwMDAwMDAwMCwidXBkYXRlIjoxODAwMDAwMDAwMDAwfX0=",
          "dependencies": [
            "azurerm_resource_group.rg",
            "module.vms.azurerm_public_ip.pip"
          ]
        }
      ]
    },
    {
      "module": "module.vms",
      "mode": "managed",
      "type": "azurerm_lb_backend_address_pool",
      "name": "lb-backend-address-pool",
      "provider": "provider[\"registry.terraform.io/hashicorp/azurerm\"]",
      "instances": [
        {
          "schema_version": 0,
          "attributes": {
            "backend_address": [],
            "backend_ip_configurations": [],
            "id": "/subscriptions/e8657681-5f64-4bab-81cf-237a597fcd11/resourceGroups/sela-week5-rg/providers/Microsoft.Network/loadBalancers/sela-week5-loadbalancer/backendAddressPools/BackEndAddressPool",
            "load_balancing_rules": [],
            "loadbalancer_id": "/subscriptions/e8657681-5f64-4bab-81cf-237a597fcd11/resourceGroups/sela-week5-rg/providers/Microsoft.Network/loadBalancers/sela-week5-loadbalancer",
            "name": "BackEndAddressPool",
            "outbound_rules": [],
            "resource_group_name": "sela-week5-rg",
            "timeouts": null,
            "tunnel_interface": []
          },
          "sensitive_attributes": [],
          "private": "eyJlMmJmYjczMC1lY2FhLTExZTYtOGY4OC0zNDM2M2JjN2M0YzAiOnsiY3JlYXRlIjoxODAwMDAwMDAwMDAwLCJkZWxldGUiOjE4MDAwMDAwMDAwMDAsInJlYWQiOjMwMDAwMDAwMDAwMCwidXBkYXRlIjoxODAwMDAwMDAwMDAwfX0=",
          "dependencies": [
            "azurerm_resource_group.rg",
            "module.vms.azurerm_lb.lb",
            "module.vms.azurerm_public_ip.pip"
          ]
        }
      ]
    },
    {
      "module": "module.vms",
      "mode": "managed",
      "type": "azurerm_lb_backend_address_pool_address",
      "name": "add-pool-add",
      "provider": "provider[\"registry.terraform.io/hashicorp/azurerm\"]",
      "instances": [
        {
          "index_key": 0,
          "schema_version": 0,
          "attributes": {
            "backend_address_pool_id": "/subscriptions/e8657681-5f64-4bab-81cf-237a597fcd11/resourceGroups/sela-week5-rg/providers/Microsoft.Network/loadBalancers/sela-week5-loadbalancer/backendAddressPools/BackEndAddressPool",
            "id": "/subscriptions/e8657681-5f64-4bab-81cf-237a597fcd11/resourceGroups/sela-week5-rg/providers/Microsoft.Network/loadBalancers/sela-week5-loadbalancer/backendAddressPools/BackEndAddressPool/addresses/sela-week5-webserver-0",
            "ip_address": "10.0.0.6",
            "name": "sela-week5-webserver-0",
            "timeouts": null,
            "virtual_network_id": "/subscriptions/e8657681-5f64-4bab-81cf-237a597fcd11/resourceGroups/sela-week5-rg/providers/Microsoft.Network/virtualNetworks/sela-week5-vnet"
          },
          "sensitive_attributes": [],
          "private": "eyJlMmJmYjczMC1lY2FhLTExZTYtOGY4OC0zNDM2M2JjN2M0YzAiOnsiY3JlYXRlIjoxODAwMDAwMDAwMDAwLCJkZWxldGUiOjE4MDAwMDAwMDAwMDAsInJlYWQiOjMwMDAwMDAwMDAwMCwidXBkYXRlIjoxODAwMDAwMDAwMDAwfX0=",
          "dependencies": [
            "azurerm_resource_group.rg",
            "module.vms.azurerm_lb.lb",
            "module.vms.azurerm_lb_backend_address_pool.lb-backend-address-pool",
            "module.vms.azurerm_network_interface.main",
            "module.vms.azurerm_public_ip.pip",
            "module.vms.azurerm_subnet.public-subnet",
            "module.vms.azurerm_virtual_network.vnet"
          ]
        },
        {
          "index_key": 1,
          "schema_version": 0,
          "attributes": {
            "backend_address_pool_id": "/subscriptions/e8657681-5f64-4bab-81cf-237a597fcd11/resourceGroups/sela-week5-rg/providers/Microsoft.Network/loadBalancers/sela-week5-loadbalancer/backendAddressPools/BackEndAddressPool",
            "id": "/subscriptions/e8657681-5f64-4bab-81cf-237a597fcd11/resourceGroups/sela-week5-rg/providers/Microsoft.Network/loadBalancers/sela-week5-loadbalancer/backendAddressPools/BackEndAddressPool/addresses/sela-week5-webserver-1",
            "ip_address": "10.0.0.5",
            "name": "sela-week5-webserver-1",
            "timeouts": null,
            "virtual_network_id": "/subscriptions/e8657681-5f64-4bab-81cf-237a597fcd11/resourceGroups/sela-week5-rg/providers/Microsoft.Network/virtualNetworks/sela-week5-vnet"
          },
          "sensitive_attributes": [],
          "private": "eyJlMmJmYjczMC1lY2FhLTExZTYtOGY4OC0zNDM2M2JjN2M0YzAiOnsiY3JlYXRlIjoxODAwMDAwMDAwMDAwLCJkZWxldGUiOjE4MDAwMDAwMDAwMDAsInJlYWQiOjMwMDAwMDAwMDAwMCwidXBkYXRlIjoxODAwMDAwMDAwMDAwfX0=",
          "dependencies": [
            "azurerm_resource_group.rg",
            "module.vms.azurerm_lb.lb",
            "module.vms.azurerm_lb_backend_address_pool.lb-backend-address-pool",
            "module.vms.azurerm_network_interface.main",
            "module.vms.azurerm_public_ip.pip",
            "module.vms.azurerm_subnet.public-subnet",
            "module.vms.azurerm_virtual_network.vnet"
          ]
        },
        {
          "index_key": 2,
          "schema_version": 0,
          "attributes": {
            "backend_address_pool_id": "/subscriptions/e8657681-5f64-4bab-81cf-237a597fcd11/resourceGroups/sela-week5-rg/providers/Microsoft.Network/loadBalancers/sela-week5-loadbalancer/backendAddressPools/BackEndAddressPool",
            "id": "/subscriptions/e8657681-5f64-4bab-81cf-237a597fcd11/resourceGroups/sela-week5-rg/providers/Microsoft.Network/loadBalancers/sela-week5-loadbalancer/backendAddressPools/BackEndAddressPool/addresses/sela-week5-webserver-2",
            "ip_address": "10.0.0.4",
            "name": "sela-week5-webserver-2",
            "timeouts": null,
            "virtual_network_id": "/subscriptions/e8657681-5f64-4bab-81cf-237a597fcd11/resourceGroups/sela-week5-rg/providers/Microsoft.Network/virtualNetworks/sela-week5-vnet"
          },
          "sensitive_attributes": [],
          "private": "eyJlMmJmYjczMC1lY2FhLTExZTYtOGY4OC0zNDM2M2JjN2M0YzAiOnsiY3JlYXRlIjoxODAwMDAwMDAwMDAwLCJkZWxldGUiOjE4MDAwMDAwMDAwMDAsInJlYWQiOjMwMDAwMDAwMDAwMCwidXBkYXRlIjoxODAwMDAwMDAwMDAwfX0=",
          "dependencies": [
            "azurerm_resource_group.rg",
            "module.vms.azurerm_lb.lb",
            "module.vms.azurerm_lb_backend_address_pool.lb-backend-address-pool",
            "module.vms.azurerm_network_interface.main",
            "module.vms.azurerm_public_ip.pip",
            "module.vms.azurerm_subnet.public-subnet",
            "module.vms.azurerm_virtual_network.vnet"
          ]
        }
      ]
    },
    {
      "module": "module.vms",
      "mode": "managed",
      "type": "azurerm_lb_probe",
      "name": "lb-probe",
      "provider": "provider[\"registry.terraform.io/hashicorp/azurerm\"]",
      "instances": [
        {
          "schema_version": 0,
          "attributes": {
            "id": "/subscriptions/e8657681-5f64-4bab-81cf-237a597fcd11/resourceGroups/sela-week5-rg/providers/Microsoft.Network/loadBalancers/sela-week5-loadbalancer/probes/http-probe",
            "interval_in_seconds": 15,
            "load_balancer_rules": [],
            "loadbalancer_id": "/subscriptions/e8657681-5f64-4bab-81cf-237a597fcd11/resourceGroups/sela-week5-rg/providers/Microsoft.Network/loadBalancers/sela-week5-loadbalancer",
            "name": "http-probe",
            "number_of_probes": 2,
            "port": 8080,
            "protocol": "Http",
            "request_path": "/",
            "resource_group_name": "sela-week5-rg",
            "timeouts": null
          },
          "sensitive_attributes": [],
          "private": "eyJlMmJmYjczMC1lY2FhLTExZTYtOGY4OC0zNDM2M2JjN2M0YzAiOnsiY3JlYXRlIjoxODAwMDAwMDAwMDAwLCJkZWxldGUiOjE4MDAwMDAwMDAwMDAsInJlYWQiOjMwMDAwMDAwMDAwMCwidXBkYXRlIjoxODAwMDAwMDAwMDAwfX0=",
          "dependencies": [
            "azurerm_resource_group.rg",
            "module.vms.azurerm_lb.lb",
            "module.vms.azurerm_public_ip.pip"
          ]
        }
      ]
    },
    {
      "module": "module.vms",
      "mode": "managed",
      "type": "azurerm_lb_rule",
      "name": "lb-rule",
      "provider": "provider[\"registry.terraform.io/hashicorp/azurerm\"]",
      "instances": [
        {
          "schema_version": 0,
          "attributes": {
            "backend_address_pool_id": "/subscriptions/e8657681-5f64-4bab-81cf-237a597fcd11/resourceGroups/sela-week5-rg/providers/Microsoft.Network/loadBalancers/sela-week5-loadbalancer/backendAddressPools/BackEndAddressPool",
            "backend_address_pool_ids": [
              "/subscriptions/e8657681-5f64-4bab-81cf-237a597fcd11/resourceGroups/sela-week5-rg/providers/Microsoft.Network/loadBalancers/sela-week5-loadbalancer/backendAddressPools/BackEndAddressPool"
            ],
            "backend_port": 8080,
            "disable_outbound_snat": false,
            "enable_floating_ip": false,
            "enable_tcp_reset": false,
            "frontend_ip_configuration_id": "/subscriptions/e8657681-5f64-4bab-81cf-237a597fcd11/resourceGroups/sela-week5-rg/providers/Microsoft.Network/loadBalancers/sela-week5-loadbalancer/frontendIPConfigurations/sela-week5-lb-frontend-ip",
            "frontend_ip_configuration_name": "sela-week5-lb-frontend-ip",
            "frontend_port": 8080,
            "id": "/subscriptions/e8657681-5f64-4bab-81cf-237a597fcd11/resourceGroups/sela-week5-rg/providers/Microsoft.Network/loadBalancers/sela-week5-loadbalancer/loadBalancingRules/LBRule",
            "idle_timeout_in_minutes": 4,
            "load_distribution": "Default",
            "loadbalancer_id": "/subscriptions/e8657681-5f64-4bab-81cf-237a597fcd11/resourceGroups/sela-week5-rg/providers/Microsoft.Network/loadBalancers/sela-week5-loadbalancer",
            "name": "LBRule",
            "probe_id": "/subscriptions/e8657681-5f64-4bab-81cf-237a597fcd11/resourceGroups/sela-week5-rg/providers/Microsoft.Network/loadBalancers/sela-week5-loadbalancer/probes/http-probe",
            "protocol": "Tcp",
            "resource_group_name": "sela-week5-rg",
            "timeouts": null
          },
          "sensitive_attributes": [],
          "private": "eyJlMmJmYjczMC1lY2FhLTExZTYtOGY4OC0zNDM2M2JjN2M0YzAiOnsiY3JlYXRlIjoxODAwMDAwMDAwMDAwLCJkZWxldGUiOjE4MDAwMDAwMDAwMDAsInJlYWQiOjMwMDAwMDAwMDAwMCwidXBkYXRlIjoxODAwMDAwMDAwMDAwfX0=",
          "dependencies": [
            "azurerm_resource_group.rg",
            "module.vms.azurerm_lb.lb",
            "module.vms.azurerm_lb_backend_address_pool.lb-backend-address-pool",
            "module.vms.azurerm_lb_probe.lb-probe",
            "module.vms.azurerm_public_ip.pip"
          ]
        }
      ]
    },
    {
      "module": "module.vms",
      "mode": "managed",
      "type": "azurerm_network_interface",
      "name": "main",
      "provider": "provider[\"registry.terraform.io/hashicorp/azurerm\"]",
      "instances": [
        {
          "index_key": 0,
          "schema_version": 0,
          "attributes": {
            "applied_dns_servers": [],
            "dns_servers": [],
            "enable_accelerated_networking": false,
            "enable_ip_forwarding": false,
            "id": "/subscriptions/e8657681-5f64-4bab-81cf-237a597fcd11/resourceGroups/sela-week5-rg/providers/Microsoft.Network/networkInterfaces/sela-week5-0",
            "internal_dns_name_label": "",
            "internal_domain_name_suffix": "jxzxojwjchqexpcfjs3d5qfmph.ax.internal.cloudapp.net",
            "ip_configuration": [
              {
                "gateway_load_balancer_frontend_ip_configuration_id": "",
                "name": "testconfiguration1",
                "primary": true,
                "private_ip_address": "10.0.0.6",
                "private_ip_address_allocation": "Dynamic",
                "private_ip_address_version": "IPv4",
                "public_ip_address_id": "",
                "subnet_id": "/subscriptions/e8657681-5f64-4bab-81cf-237a597fcd11/resourceGroups/sela-week5-rg/providers/Microsoft.Network/virtualNetworks/sela-week5-vnet/subnets/sela-week5-public-subnet"
              }
            ],
            "location": "westeurope",
            "mac_address": "",
            "name": "sela-week5-0",
            "private_ip_address": "10.0.0.6",
            "private_ip_addresses": [
              "10.0.0.6"
            ],
            "resource_group_name": "sela-week5-rg",
            "tags": null,
            "timeouts": null,
            "virtual_machine_id": ""
          },
          "sensitive_attributes": [],
          "private": "eyJlMmJmYjczMC1lY2FhLTExZTYtOGY4OC0zNDM2M2JjN2M0YzAiOnsiY3JlYXRlIjoxODAwMDAwMDAwMDAwLCJkZWxldGUiOjE4MDAwMDAwMDAwMDAsInJlYWQiOjMwMDAwMDAwMDAwMCwidXBkYXRlIjoxODAwMDAwMDAwMDAwfX0=",
          "dependencies": [
            "azurerm_resource_group.rg",
            "module.vms.azurerm_subnet.public-subnet",
            "module.vms.azurerm_virtual_network.vnet"
          ]
        },
        {
          "index_key": 1,
          "schema_version": 0,
          "attributes": {
            "applied_dns_servers": [],
            "dns_servers": [],
            "enable_accelerated_networking": false,
            "enable_ip_forwarding": false,
            "id": "/subscriptions/e8657681-5f64-4bab-81cf-237a597fcd11/resourceGroups/sela-week5-rg/providers/Microsoft.Network/networkInterfaces/sela-week5-1",
            "internal_dns_name_label": "",
            "internal_domain_name_suffix": "jxzxojwjchqexpcfjs3d5qfmph.ax.internal.cloudapp.net",
            "ip_configuration": [
              {
                "gateway_load_balancer_frontend_ip_configuration_id": "",
                "name": "testconfiguration1",
                "primary": true,
                "private_ip_address": "10.0.0.5",
                "private_ip_address_allocation": "Dynamic",
                "private_ip_address_version": "IPv4",
                "public_ip_address_id": "",
                "subnet_id": "/subscriptions/e8657681-5f64-4bab-81cf-237a597fcd11/resourceGroups/sela-week5-rg/providers/Microsoft.Network/virtualNetworks/sela-week5-vnet/subnets/sela-week5-public-subnet"
              }
            ],
            "location": "westeurope",
            "mac_address": "",
            "name": "sela-week5-1",
            "private_ip_address": "10.0.0.5",
            "private_ip_addresses": [
              "10.0.0.5"
            ],
            "resource_group_name": "sela-week5-rg",
            "tags": null,
            "timeouts": null,
            "virtual_machine_id": ""
          },
          "sensitive_attributes": [],
          "private": "eyJlMmJmYjczMC1lY2FhLTExZTYtOGY4OC0zNDM2M2JjN2M0YzAiOnsiY3JlYXRlIjoxODAwMDAwMDAwMDAwLCJkZWxldGUiOjE4MDAwMDAwMDAwMDAsInJlYWQiOjMwMDAwMDAwMDAwMCwidXBkYXRlIjoxODAwMDAwMDAwMDAwfX0=",
          "dependencies": [
            "azurerm_resource_group.rg",
            "module.vms.azurerm_subnet.public-subnet",
            "module.vms.azurerm_virtual_network.vnet"
          ]
        },
        {
          "index_key": 2,
          "schema_version": 0,
          "attributes": {
            "applied_dns_servers": [],
            "dns_servers": [],
            "enable_accelerated_networking": false,
            "enable_ip_forwarding": false,
            "id": "/subscriptions/e8657681-5f64-4bab-81cf-237a597fcd11/resourceGroups/sela-week5-rg/providers/Microsoft.Network/networkInterfaces/sela-week5-2",
            "internal_dns_name_label": "",
            "internal_domain_name_suffix": "jxzxojwjchqexpcfjs3d5qfmph.ax.internal.cloudapp.net",
            "ip_configuration": [
              {
                "gateway_load_balancer_frontend_ip_configuration_id": "",
                "name": "testconfiguration1",
                "primary": true,
                "private_ip_address": "10.0.0.4",
                "private_ip_address_allocation": "Dynamic",
                "private_ip_address_version": "IPv4",
                "public_ip_address_id": "",
                "subnet_id": "/subscriptions/e8657681-5f64-4bab-81cf-237a597fcd11/resourceGroups/sela-week5-rg/providers/Microsoft.Network/virtualNetworks/sela-week5-vnet/subnets/sela-week5-public-subnet"
              }
            ],
            "location": "westeurope",
            "mac_address": "",
            "name": "sela-week5-2",
            "private_ip_address": "10.0.0.4",
            "private_ip_addresses": [
              "10.0.0.4"
            ],
            "resource_group_name": "sela-week5-rg",
            "tags": null,
            "timeouts": null,
            "virtual_machine_id": ""
          },
          "sensitive_attributes": [],
          "private": "eyJlMmJmYjczMC1lY2FhLTExZTYtOGY4OC0zNDM2M2JjN2M0YzAiOnsiY3JlYXRlIjoxODAwMDAwMDAwMDAwLCJkZWxldGUiOjE4MDAwMDAwMDAwMDAsInJlYWQiOjMwMDAwMDAwMDAwMCwidXBkYXRlIjoxODAwMDAwMDAwMDAwfX0=",
          "dependencies": [
            "azurerm_resource_group.rg",
            "module.vms.azurerm_subnet.public-subnet",
            "module.vms.azurerm_virtual_network.vnet"
          ]
        }
      ]
    },
    {
      "module": "module.vms",
      "mode": "managed",
      "type": "azurerm_public_ip",
      "name": "pip",
      "provider": "provider[\"registry.terraform.io/hashicorp/azurerm\"]",
      "instances": [
        {
          "schema_version": 0,
          "attributes": {
            "allocation_method": "Static",
            "availability_zone": "Zone-Redundant",
            "domain_name_label": null,
            "fqdn": null,
            "id": "/subscriptions/e8657681-5f64-4bab-81cf-237a597fcd11/resourceGroups/sela-week5-rg/providers/Microsoft.Network/publicIPAddresses/PublicIPForLB",
            "idle_timeout_in_minutes": 4,
            "ip_address": "20.103.212.70",
            "ip_tags": null,
            "ip_version": "IPv4",
            "location": "westeurope",
            "name": "PublicIPForLB",
            "public_ip_prefix_id": null,
            "resource_group_name": "sela-week5-rg",
            "reverse_fqdn": null,
            "sku": "Standard",
            "sku_tier": "Regional",
            "tags": null,
            "timeouts": null,
            "zones": []
          },
          "sensitive_attributes": [],
          "private": "eyJlMmJmYjczMC1lY2FhLTExZTYtOGY4OC0zNDM2M2JjN2M0YzAiOnsiY3JlYXRlIjoxODAwMDAwMDAwMDAwLCJkZWxldGUiOjE4MDAwMDAwMDAwMDAsInJlYWQiOjMwMDAwMDAwMDAwMCwidXBkYXRlIjoxODAwMDAwMDAwMDAwfX0=",
          "dependencies": [
            "azurerm_resource_group.rg"
          ]
        }
      ]
    },
    {
      "module": "module.vms",
      "mode": "managed",
      "type": "azurerm_subnet",
      "name": "private-subnet",
      "provider": "provider[\"registry.terraform.io/hashicorp/azurerm\"]",
      "instances": [
        {
          "schema_version": 0,
          "attributes": {
            "address_prefix": "10.0.1.0/24",
            "address_prefixes": [
              "10.0.1.0/24"
            ],
            "delegation": [
              {
                "name": "fs",
                "service_delegation": [
                  {
                    "actions": [
                      "Microsoft.Network/virtualNetworks/subnets/join/action"
                    ],
                    "name": "Microsoft.DBforPostgreSQL/flexibleServers"
                  }
                ]
              }
            ],
            "enforce_private_link_endpoint_network_policies": false,
            "enforce_private_link_service_network_policies": false,
            "id": "/subscriptions/e8657681-5f64-4bab-81cf-237a597fcd11/resourceGroups/sela-week5-rg/providers/Microsoft.Network/virtualNetworks/sela-week5-vnet/subnets/sela-week5-private-subnet",
            "name": "sela-week5-private-subnet",
            "resource_group_name": "sela-week5-rg",
            "service_endpoint_policy_ids": null,
            "service_endpoints": null,
            "timeouts": null,
            "virtual_network_name": "sela-week5-vnet"
          },
          "sensitive_attributes": [],
          "private": "eyJlMmJmYjczMC1lY2FhLTExZTYtOGY4OC0zNDM2M2JjN2M0YzAiOnsiY3JlYXRlIjoxODAwMDAwMDAwMDAwLCJkZWxldGUiOjE4MDAwMDAwMDAwMDAsInJlYWQiOjMwMDAwMDAwMDAwMCwidXBkYXRlIjoxODAwMDAwMDAwMDAwfX0=",
          "dependencies": [
            "azurerm_resource_group.rg",
            "module.vms.azurerm_virtual_network.vnet"
          ]
        }
      ]
    },
    {
      "module": "module.vms",
      "mode": "managed",
      "type": "azurerm_subnet",
      "name": "public-subnet",
      "provider": "provider[\"registry.terraform.io/hashicorp/azurerm\"]",
      "instances": [
        {
          "schema_version": 0,
          "attributes": {
            "address_prefix": "10.0.0.0/24",
            "address_prefixes": [
              "10.0.0.0/24"
            ],
            "delegation": [],
            "enforce_private_link_endpoint_network_policies": false,
            "enforce_private_link_service_network_policies": false,
            "id": "/subscriptions/e8657681-5f64-4bab-81cf-237a597fcd11/resourceGroups/sela-week5-rg/providers/Microsoft.Network/virtualNetworks/sela-week5-vnet/subnets/sela-week5-public-subnet",
            "name": "sela-week5-public-subnet",
            "resource_group_name": "sela-week5-rg",
            "service_endpoint_policy_ids": null,
            "service_endpoints": null,
            "timeouts": null,
            "virtual_network_name": "sela-week5-vnet"
          },
          "sensitive_attributes": [],
          "private": "eyJlMmJmYjczMC1lY2FhLTExZTYtOGY4OC0zNDM2M2JjN2M0YzAiOnsiY3JlYXRlIjoxODAwMDAwMDAwMDAwLCJkZWxldGUiOjE4MDAwMDAwMDAwMDAsInJlYWQiOjMwMDAwMDAwMDAwMCwidXBkYXRlIjoxODAwMDAwMDAwMDAwfX0=",
          "dependencies": [
            "azurerm_resource_group.rg",
            "module.vms.azurerm_virtual_network.vnet"
          ]
        }
      ]
    },
    {
      "module": "module.vms",
      "mode": "managed",
      "type": "azurerm_subnet_network_security_group_association",
      "name": "private-nsg-association",
      "provider": "provider[\"registry.terraform.io/hashicorp/azurerm\"]",
      "instances": [
        {
          "schema_version": 0,
          "attributes": {
            "id": "/subscriptions/e8657681-5f64-4bab-81cf-237a597fcd11/resourceGroups/sela-week5-rg/providers/Microsoft.Network/virtualNetworks/sela-week5-vnet/subnets/sela-week5-private-subnet",
            "network_security_group_id": "/subscriptions/e8657681-5f64-4bab-81cf-237a597fcd11/resourceGroups/sela-week5-rg/providers/Microsoft.Network/networkSecurityGroups/sela-week5-DataTierNSG",
            "subnet_id": "/subscriptions/e8657681-5f64-4bab-81cf-237a597fcd11/resourceGroups/sela-week5-rg/providers/Microsoft.Network/virtualNetworks/sela-week5-vnet/subnets/sela-week5-private-subnet",
            "timeouts": null
          },
          "sensitive_attributes": [],
          "private": "eyJlMmJmYjczMC1lY2FhLTExZTYtOGY4OC0zNDM2M2JjN2M0YzAiOnsiY3JlYXRlIjoxODAwMDAwMDAwMDAwLCJkZWxldGUiOjE4MDAwMDAwMDAwMDAsInJlYWQiOjMwMDAwMDAwMDAwMCwidXBkYXRlIjoxODAwMDAwMDAwMDAwfX0=",
          "dependencies": [
            "azurerm_network_security_group.DataTierNSG",
            "azurerm_resource_group.rg",
            "module.vms.azurerm_subnet.private-subnet",
            "module.vms.azurerm_virtual_network.vnet"
          ]
        }
      ]
    },
    {
      "module": "module.vms",
      "mode": "managed",
      "type": "azurerm_subnet_network_security_group_association",
      "name": "public-nsg-association",
      "provider": "provider[\"registry.terraform.io/hashicorp/azurerm\"]",
      "instances": [
        {
          "schema_version": 0,
          "attributes": {
            "id": "/subscriptions/e8657681-5f64-4bab-81cf-237a597fcd11/resourceGroups/sela-week5-rg/providers/Microsoft.Network/virtualNetworks/sela-week5-vnet/subnets/sela-week5-public-subnet",
            "network_security_group_id": "/subscriptions/e8657681-5f64-4bab-81cf-237a597fcd11/resourceGroups/sela-week5-rg/providers/Microsoft.Network/networkSecurityGroups/sela-week5-WebTierNSG",
            "subnet_id": "/subscriptions/e8657681-5f64-4bab-81cf-237a597fcd11/resourceGroups/sela-week5-rg/providers/Microsoft.Network/virtualNetworks/sela-week5-vnet/subnets/sela-week5-public-subnet",
            "timeouts": null
          },
          "sensitive_attributes": [],
          "private": "eyJlMmJmYjczMC1lY2FhLTExZTYtOGY4OC0zNDM2M2JjN2M0YzAiOnsiY3JlYXRlIjoxODAwMDAwMDAwMDAwLCJkZWxldGUiOjE4MDAwMDAwMDAwMDAsInJlYWQiOjMwMDAwMDAwMDAwMCwidXBkYXRlIjoxODAwMDAwMDAwMDAwfX0=",
          "dependencies": [
            "azurerm_network_security_group.WebTierNSG",
            "azurerm_resource_group.rg",
            "module.vms.azurerm_subnet.public-subnet",
            "module.vms.azurerm_virtual_network.vnet"
          ]
        }
      ]
    },
    {
      "module": "module.vms",
      "mode": "managed",
      "type": "azurerm_virtual_machine",
      "name": "vm",
      "provider": "provider[\"registry.terraform.io/hashicorp/azurerm\"]",
      "instances": [
        {
          "index_key": 0,
          "schema_version": 0,
          "attributes": {
            "additional_capabilities": [],
            "availability_set_id": "/subscriptions/e8657681-5f64-4bab-81cf-237a597fcd11/resourcegroups/sela-week5-rg/providers/microsoft.compute/availabilitysets/sela-week5-aset",
            "boot_diagnostics": [],
            "delete_data_disks_on_termination": true,
            "delete_os_disk_on_termination": true,
            "id": "/subscriptions/e8657681-5f64-4bab-81cf-237a597fcd11/resourceGroups/sela-week5-rg/providers/Microsoft.Compute/virtualMachines/sela-week5-webserver-0",
            "identity": [],
            "license_type": null,
            "location": "westeurope",
            "name": "sela-week5-webserver-0",
            "network_interface_ids": [
              "/subscriptions/e8657681-5f64-4bab-81cf-237a597fcd11/resourceGroups/sela-week5-rg/providers/Microsoft.Network/networkInterfaces/sela-week5-0"
            ],
            "os_profile": [],
            "os_profile_linux_config": [],
            "os_profile_secrets": [],
            "os_profile_windows_config": [],
            "plan": [],
            "primary_network_interface_id": null,
            "proximity_placement_group_id": null,
            "resource_group_name": "sela-week5-rg",
            "storage_data_disk": [
              {
                "caching": "None",
                "create_option": "FromImage",
                "disk_size_gb": 8,
                "lun": 0,
                "managed_disk_id": "/subscriptions/e8657681-5f64-4bab-81cf-237a597fcd11/resourceGroups/sela-week5-rg/providers/Microsoft.Compute/disks/sela-week5-webserver-0_lun_0_2_0addb7531b254cb983147e1c7e4aa051",
                "managed_disk_type": "Premium_LRS",
                "name": "sela-week5-webserver-0_lun_0_2_0addb7531b254cb983147e1c7e4aa051",
                "vhd_uri": "",
                "write_accelerator_enabled": false
              }
            ],
            "storage_image_reference": [
              {
                "id": "/subscriptions/e8657681-5f64-4bab-81cf-237a597fcd11/resourceGroups/vm-templates-rg/providers/Microsoft.Compute/galleries/vm_gallery/images/webserver-image-definition",
                "offer": "",
                "publisher": "",
                "sku": "",
                "version": ""
              }
            ],
            "storage_os_disk": [
              {
                "caching": "ReadWrite",
                "create_option": "FromImage",
                "disk_size_gb": 30,
                "image_uri": "",
                "managed_disk_id": "/subscriptions/e8657681-5f64-4bab-81cf-237a597fcd11/resourceGroups/sela-week5-rg/providers/Microsoft.Compute/disks/sela-week5-webserver-0-os-disk",
                "managed_disk_type": "Standard_LRS",
                "name": "sela-week5-webserver-0-os-disk",
                "os_type": "Linux",
                "vhd_uri": "",
                "write_accelerator_enabled": false
              }
            ],
            "tags": null,
            "timeouts": null,
            "vm_size": "Standard_DC1s_v3",
            "zones": null
          },
          "sensitive_attributes": [],
          "private": "eyJlMmJmYjczMC1lY2FhLTExZTYtOGY4OC0zNDM2M2JjN2M0YzAiOnsiY3JlYXRlIjozNjAwMDAwMDAwMDAwLCJkZWxldGUiOjM2MDAwMDAwMDAwMDAsInJlYWQiOjMwMDAwMDAwMDAwMCwidXBkYXRlIjozNjAwMDAwMDAwMDAwfX0=",
          "dependencies": [
            "azurerm_resource_group.rg",
            "module.vms.azurerm_availability_set.aset",
            "module.vms.azurerm_network_interface.main",
            "module.vms.azurerm_subnet.public-subnet",
            "module.vms.azurerm_virtual_network.vnet"
          ]
        },
        {
          "index_key": 1,
          "schema_version": 0,
          "attributes": {
            "additional_capabilities": [],
            "availability_set_id": "/subscriptions/e8657681-5f64-4bab-81cf-237a597fcd11/resourcegroups/sela-week5-rg/providers/microsoft.compute/availabilitysets/sela-week5-aset",
            "boot_diagnostics": [],
            "delete_data_disks_on_termination": true,
            "delete_os_disk_on_termination": true,
            "id": "/subscriptions/e8657681-5f64-4bab-81cf-237a597fcd11/resourceGroups/sela-week5-rg/providers/Microsoft.Compute/virtualMachines/sela-week5-webserver-1",
            "identity": [],
            "license_type": null,
            "location": "westeurope",
            "name": "sela-week5-webserver-1",
            "network_interface_ids": [
              "/subscriptions/e8657681-5f64-4bab-81cf-237a597fcd11/resourceGroups/sela-week5-rg/providers/Microsoft.Network/networkInterfaces/sela-week5-1"
            ],
            "os_profile": [],
            "os_profile_linux_config": [],
            "os_profile_secrets": [],
            "os_profile_windows_config": [],
            "plan": [],
            "primary_network_interface_id": null,
            "proximity_placement_group_id": null,
            "resource_group_name": "sela-week5-rg",
            "storage_data_disk": [
              {
                "caching": "None",
                "create_option": "FromImage",
                "disk_size_gb": 8,
                "lun": 0,
                "managed_disk_id": "/subscriptions/e8657681-5f64-4bab-81cf-237a597fcd11/resourceGroups/sela-week5-rg/providers/Microsoft.Compute/disks/sela-week5-webserver-1_lun_0_2_ac624f70fbc64d628f7b813efd4d3f2d",
                "managed_disk_type": "Premium_LRS",
                "name": "sela-week5-webserver-1_lun_0_2_ac624f70fbc64d628f7b813efd4d3f2d",
                "vhd_uri": "",
                "write_accelerator_enabled": false
              }
            ],
            "storage_image_reference": [
              {
                "id": "/subscriptions/e8657681-5f64-4bab-81cf-237a597fcd11/resourceGroups/vm-templates-rg/providers/Microsoft.Compute/galleries/vm_gallery/images/webserver-image-definition",
                "offer": "",
                "publisher": "",
                "sku": "",
                "version": ""
              }
            ],
            "storage_os_disk": [
              {
                "caching": "ReadWrite",
                "create_option": "FromImage",
                "disk_size_gb": 30,
                "image_uri": "",
                "managed_disk_id": "/subscriptions/e8657681-5f64-4bab-81cf-237a597fcd11/resourceGroups/sela-week5-rg/providers/Microsoft.Compute/disks/sela-week5-webserver-1-os-disk",
                "managed_disk_type": "Standard_LRS",
                "name": "sela-week5-webserver-1-os-disk",
                "os_type": "Linux",
                "vhd_uri": "",
                "write_accelerator_enabled": false
              }
            ],
            "tags": null,
            "timeouts": null,
            "vm_size": "Standard_DC1s_v3",
            "zones": null
          },
          "sensitive_attributes": [],
          "private": "eyJlMmJmYjczMC1lY2FhLTExZTYtOGY4OC0zNDM2M2JjN2M0YzAiOnsiY3JlYXRlIjozNjAwMDAwMDAwMDAwLCJkZWxldGUiOjM2MDAwMDAwMDAwMDAsInJlYWQiOjMwMDAwMDAwMDAwMCwidXBkYXRlIjozNjAwMDAwMDAwMDAwfX0=",
          "dependencies": [
            "azurerm_resource_group.rg",
            "module.vms.azurerm_availability_set.aset",
            "module.vms.azurerm_network_interface.main",
            "module.vms.azurerm_subnet.public-subnet",
            "module.vms.azurerm_virtual_network.vnet"
          ]
        },
        {
          "index_key": 2,
          "schema_version": 0,
          "attributes": {
            "additional_capabilities": [],
            "availability_set_id": "/subscriptions/e8657681-5f64-4bab-81cf-237a597fcd11/resourcegroups/sela-week5-rg/providers/microsoft.compute/availabilitysets/sela-week5-aset",
            "boot_diagnostics": [],
            "delete_data_disks_on_termination": true,
            "delete_os_disk_on_termination": true,
            "id": "/subscriptions/e8657681-5f64-4bab-81cf-237a597fcd11/resourceGroups/sela-week5-rg/providers/Microsoft.Compute/virtualMachines/sela-week5-webserver-2",
            "identity": [],
            "license_type": null,
            "location": "westeurope",
            "name": "sela-week5-webserver-2",
            "network_interface_ids": [
              "/subscriptions/e8657681-5f64-4bab-81cf-237a597fcd11/resourceGroups/sela-week5-rg/providers/Microsoft.Network/networkInterfaces/sela-week5-2"
            ],
            "os_profile": [],
            "os_profile_linux_config": [],
            "os_profile_secrets": [],
            "os_profile_windows_config": [],
            "plan": [],
            "primary_network_interface_id": null,
            "proximity_placement_group_id": null,
            "resource_group_name": "sela-week5-rg",
            "storage_data_disk": [
              {
                "caching": "None",
                "create_option": "FromImage",
                "disk_size_gb": 8,
                "lun": 0,
                "managed_disk_id": "/subscriptions/e8657681-5f64-4bab-81cf-237a597fcd11/resourceGroups/sela-week5-rg/providers/Microsoft.Compute/disks/sela-week5-webserver-2_lun_0_2_9e43adafde0b415981858b5bb82caff3",
                "managed_disk_type": "Premium_LRS",
                "name": "sela-week5-webserver-2_lun_0_2_9e43adafde0b415981858b5bb82caff3",
                "vhd_uri": "",
                "write_accelerator_enabled": false
              }
            ],
            "storage_image_reference": [
              {
                "id": "/subscriptions/e8657681-5f64-4bab-81cf-237a597fcd11/resourceGroups/vm-templates-rg/providers/Microsoft.Compute/galleries/vm_gallery/images/webserver-image-definition",
                "offer": "",
                "publisher": "",
                "sku": "",
                "version": ""
              }
            ],
            "storage_os_disk": [
              {
                "caching": "ReadWrite",
                "create_option": "FromImage",
                "disk_size_gb": 30,
                "image_uri": "",
                "managed_disk_id": "/subscriptions/e8657681-5f64-4bab-81cf-237a597fcd11/resourceGroups/sela-week5-rg/providers/Microsoft.Compute/disks/sela-week5-webserver-2-os-disk",
                "managed_disk_type": "Standard_LRS",
                "name": "sela-week5-webserver-2-os-disk",
                "os_type": "Linux",
                "vhd_uri": "",
                "write_accelerator_enabled": false
              }
            ],
            "tags": null,
            "timeouts": null,
            "vm_size": "Standard_DC1s_v3",
            "zones": null
          },
          "sensitive_attributes": [],
          "private": "eyJlMmJmYjczMC1lY2FhLTExZTYtOGY4OC0zNDM2M2JjN2M0YzAiOnsiY3JlYXRlIjozNjAwMDAwMDAwMDAwLCJkZWxldGUiOjM2MDAwMDAwMDAwMDAsInJlYWQiOjMwMDAwMDAwMDAwMCwidXBkYXRlIjozNjAwMDAwMDAwMDAwfX0=",
          "dependencies": [
            "azurerm_resource_group.rg",
            "module.vms.azurerm_availability_set.aset",
            "module.vms.azurerm_network_interface.main",
            "module.vms.azurerm_subnet.public-subnet",
            "module.vms.azurerm_virtual_network.vnet"
          ]
        }
      ]
    },
    {
      "module": "module.vms",
      "mode": "managed",
      "type": "azurerm_virtual_network",
      "name": "vnet",
      "provider": "provider[\"registry.terraform.io/hashicorp/azurerm\"]",
      "instances": [
        {
          "schema_version": 0,
          "attributes": {
            "address_space": [
              "10.0.0.0/16"
            ],
            "bgp_community": "",
            "ddos_protection_plan": [],
            "dns_servers": [],
            "flow_timeout_in_minutes": 0,
            "guid": "2677f34d-11c9-4be0-bc45-4cba3fc0ac7f",
            "id": "/subscriptions/e8657681-5f64-4bab-81cf-237a597fcd11/resourceGroups/sela-week5-rg/providers/Microsoft.Network/virtualNetworks/sela-week5-vnet",
            "location": "westeurope",
            "name": "sela-week5-vnet",
            "resource_group_name": "sela-week5-rg",
            "subnet": [],
            "tags": null,
            "timeouts": null,
            "vm_protection_enabled": false
          },
          "sensitive_attributes": [],
          "private": "eyJlMmJmYjczMC1lY2FhLTExZTYtOGY4OC0zNDM2M2JjN2M0YzAiOnsiY3JlYXRlIjoxODAwMDAwMDAwMDAwLCJkZWxldGUiOjE4MDAwMDAwMDAwMDAsInJlYWQiOjMwMDAwMDAwMDAwMCwidXBkYXRlIjoxODAwMDAwMDAwMDAwfX0=",
          "dependencies": [
            "azurerm_resource_group.rg"
          ]
        }
      ]
    }
  ]
}
